<?xml version="1.0" encoding="utf-8"?>
<Project xmlns="http://schemas.microsoft.com/developer/msbuild/2003">
  <ItemGroup>
    <Filter Include="Form Files">
      <UniqueIdentifier>{99349809-55BA-4b9d-BF79-8FDBB0286EB3}</UniqueIdentifier>
      <Extensions>ui</Extensions>
      <ParseFiles>false</ParseFiles>
    </Filter>
    <Filter Include="Form Files">
      <UniqueIdentifier>{99349809-55BA-4b9d-BF79-8FDBB0286EB3}</UniqueIdentifier>
      <Extensions>ui</Extensions>
      <ParseFiles>false</ParseFiles>
    </Filter>
    <Filter Include="Generated Files">
      <UniqueIdentifier>{71ED8ED8-ACB9-4CE9-BBE1-E00B30144E11}</UniqueIdentifier>
      <Extensions>cpp;c;cxx;moc;h;def;odl;idl;res;</Extensions>
    </Filter>
    <Filter Include="Generated Files">
      <UniqueIdentifier>{71ED8ED8-ACB9-4CE9-BBE1-E00B30144E11}</UniqueIdentifier>
      <Extensions>cpp;c;cxx;moc;h;def;odl;idl;res;</Extensions>
    </Filter>
    <Filter Include="Header Files">
      <UniqueIdentifier>{93995380-89BD-4b04-88EB-625FBE52EBFB}</UniqueIdentifier>
      <Extensions>h;hpp;hxx;hm;inl;inc;xsd</Extensions>
    </Filter>
    <Filter Include="Header Files">
      <UniqueIdentifier>{93995380-89BD-4b04-88EB-625FBE52EBFB}</UniqueIdentifier>
      <Extensions>h;hpp;hxx;hm;inl;inc;xsd</Extensions>
    </Filter>
    <Filter Include="Source Files">
      <UniqueIdentifier>{4FC737F1-C7A5-4376-A066-2A32D752A2FF}</UniqueIdentifier>
      <Extensions>cpp;c;cxx;def;odl;idl;hpj;bat;asm;asmx</Extensions>
    </Filter>
    <Filter Include="Source Files">
      <UniqueIdentifier>{4FC737F1-C7A5-4376-A066-2A32D752A2FF}</UniqueIdentifier>
      <Extensions>cpp;c;cxx;def;odl;idl;hpj;bat;asm;asmx</Extensions>
    </Filter>
  </ItemGroup>
  <ItemGroup>
    <ClCompile Include="chattool.cpp">
      <Filter>Source Files</Filter>
    </ClCompile>
    <ClCompile Include="config.cpp">
      <Filter>Source Files</Filter>
    </ClCompile>
    <ClCompile Include="main.cpp">
      <Filter>Source Files</Filter>
    </ClCompile>
    <ClCompile Include="warpoker.cpp">
      <Filter>Source Files</Filter>
    </ClCompile>
    <ClCompile Include="FingerGuessing.cpp">
      <Filter>Source Files</Filter>
    </ClCompile>
    <ClCompile Include="Card.cpp">
      <Filter>Source Files</Filter>
    </ClCompile>
    <ClCompile Include="LoginInterface.cpp">
      <Filter>Source Files</Filter>
    </ClCompile>
    <ClCompile Include="ResetPassword.cpp">
      <Filter>Source Files</Filter>
    </ClCompile>
    <ClCompile Include="logOnInterface.cpp">
      <Filter>Source Files</Filter>
    </ClCompile>
    <ClCompile Include="Player.cpp">
      <Filter>Source Files</Filter>
    </ClCompile>
  </ItemGroup>
  <ItemGroup>
    <QtMoc Include="UdpNetWork.h">
      <Filter>Header Files</Filter>
    </QtMoc>
    <QtMoc Include="chattool.h">
      <Filter>Header Files</Filter>
    </QtMoc>
    <QtMoc Include="config.h">
      <Filter>Header Files</Filter>
    </QtMoc>
    <QtMoc Include="warpoker.h">
      <Filter>Header Files</Filter>
    </QtMoc>
    <QtMoc Include="FingerGuessing.h">
      <Filter>Header Files</Filter>
    </QtMoc>
    <QtMoc Include="CardOperate.h">
      <Filter>Header Files</Filter>
    </QtMoc>
    <QtMoc Include="Card.h">
      <Filter>Header Files</Filter>
    </QtMoc>
    <QtMoc Include="LoginInterface.h">
      <Filter>Header Files</Filter>
    </QtMoc>
    <QtMoc Include="ResetPassword.h">
      <Filter>Header Files</Filter>
    </QtMoc>
    <QtMoc Include="logOnInterface.h">
      <Filter>Header Files</Filter>
    </QtMoc>
    <QtMoc Include="Player.h">
      <Filter>Header Files</Filter>
    </QtMoc>
    <QtMoc Include="UserInformation.h">
      <Filter>Header Files</Filter>
    </QtMoc>
  </ItemGroup>
  <ItemGroup>
    <CustomBuild Include="debug\moc_predefs.h.cbt">
      <Filter>Generated Files</Filter>
    </CustomBuild>
    <CustomBuild Include="release\moc_predefs.h.cbt">
      <Filter>Generated Files</Filter>
    </CustomBuild>
  </ItemGroup>
  <ItemGroup>
    <QtUic Include="chattool.ui">
      <Filter>Form Files</Filter>
    </QtUic>
    <QtUic Include="config.ui">
      <Filter>Form Files</Filter>
    </QtUic>
    <QtUic Include="warpoker.ui">
      <Filter>Form Files</Filter>
    </QtUic>
    <QtUic Include="FingerGuessing.ui">
      <Filter>Form Files</Filter>
    </QtUic>
    <QtUic Include="LoginInterface.ui">
      <Filter>Form Files</Filter>
    </QtUic>
    <QtUic Include="ResetPassword.ui">
      <Filter>Form Files</Filter>
    </QtUic>
    <QtUic Include="logOnInterface.ui">
      <Filter>Form Files</Filter>
    </QtUic>
  </ItemGroup>
  <ItemGroup>
    <ClInclude Include="ui_chattool.h">
      <Filter>Generated Files</Filter>
    </ClInclude>
    <ClInclude Include="ui_config.h">
      <Filter>Generated Files</Filter>
    </ClInclude>
    <ClInclude Include="ui_warpoker.h">
      <Filter>Generated Files</Filter>
    </ClInclude>
    <ClInclude Include="ui_FingerGuessing.h">
      <Filter>Generated Files</Filter>
    </ClInclude>
    <ClInclude Include="ui_LoginInterface.h">
      <Filter>Generated Files</Filter>
    </ClInclude>
    <ClInclude Include="ui_logOnInterface.h">
      <Filter>Generated Files</Filter>
    </ClInclude>
    <ClInclude Include="ui_ResetPassword.h">
      <Filter>Generated Files</Filter>
    </ClInclude>
  </ItemGroup>
</Project>